
Microsoft Visual Studio Solution File, Format Version 12.00
# Visual Studio Version 16
VisualStudioVersion = 16.0.32002.261
MinimumVisualStudioVersion = 10.0.40219.1
Project("{FAE04EC0-301F-11D3-BF4B-00C04F79EFBC}") = "AddressBook", "AddressBook.csproj", "{9E43F7B7-C56F-4CB8-9191-C05B04E1F9D6}"
EndProject
Global
	GlobalSection(SolutionConfigurationPlatforms) = preSolution
		Debug|Any CPU = Debug|Any CPU
		Release|Any CPU = Release|Any CPU
	EndGlobalSection
	GlobalSection(ProjectConfigurationPlatforms) = postSolution
		{9E43F7B7-C56F-4CB8-9191-C05B04E1F9D6}.Debug|Any CPU.ActiveCfg = Debug|Any CPU
		{9E43F7B7-C56F-4CB8-9191-C05B04E1F9D6}.Debug|Any CPU.Build.0 = Debug|Any CPU
		{9E43F7B7-C56F-4CB8-9191-C05B04E1F9D6}.Release|Any CPU.ActiveCfg = Release|Any CPU
		{9E43F7B7-C56F-4CB8-9191-C05B04E1F9D6}.Release|Any CPU.Build.0 = Release|Any CPU
	EndGlobalSection
	GlobalSection(SolutionProperties) = preSolution
		HideSolutionNode = FALSE
	EndGlobalSection
	GlobalSection(ExtensibilityGlobals) = postSolution
		SolutionGuid = {BE10E85D-C14D-4046-891D-1EFF37505EA1}
	EndGlobalSection
EndGlobal
